data:
  cmd: python -m spacy run data
  script:
    - python ./scripts/parse_data_new_v0.05.py /Users/jhoff/Desktop/batch2all_all_f.jsonl
      data/train.spacy data/dev.spacy data/test.spacy
  deps:
    - path: /Users/jhoff/Desktop/batch2all_all_f.jsonl
      md5: 5c280e8458bb589343a04597efc19409
  outs:
    - path: data/train.spacy
      md5: 16e5871a43efbaec75585bf406ef1908
    - path: data/dev.spacy
      md5: 9d268f93ec854d7e31b780167ca21d33
    - path: data/test.spacy
      md5: f2df9461dc779631df568f9d280acaf5
  spacy_version: 3.0.0rc2
  spacy_git_version: ace6ae435
train_cpu:
  cmd: python -m spacy run train_cpu
  script:
    - python -m spacy train configs/rel_tok2vec.cfg --output training --paths.train
      data/train.spacy --paths.dev data/dev.spacy -c ./scripts/custom_functions.py
  deps:
    - path: data/train.spacy
      md5: 0313ef29692853cc75e4bbaec9ac3135
    - path: data/dev.spacy
      md5: 547a7abfc0705ca084a1b0822c6b53a3
  outs:
    - path: training/model-best
      md5: 57b9e779be3873f18323970c90c248f5
  spacy_version: 3.0.0rc2
  spacy_git_version: ace6ae435
evaluate:
  cmd: python -m spacy run evaluate
  script:
    - python ./scripts/evaluate.py training/model-best data/test.spacy False
  deps:
    - path: training/model-best
      md5: 57b9e779be3873f18323970c90c248f5
    - path: data/test.spacy
      md5: 7a2ba43ee735963e667153acee3c4cb3
  outs: []
  spacy_version: 3.0.0rc2
  spacy_git_version: ace6ae435
evaluate_custom:
  cmd: python -m spacy run evaluate_custom
  script:
    - python ./scripts/evaluate_custom.py training/model-best data/test.spacy False
  deps:
    - path: training/model-best
      md5: 3c8a155db98e33aafc3991bc69308596
    - path: data/test.spacy
      md5: f3896772a10716b0a3855c41981ecc26
  outs: []
  spacy_version: 3.0.0rc2
  spacy_git_version: ace6ae435
