data:
  cmd: python -m spacy run data
  script:
    - python ./scripts/parse_data.py assets/batch1all120.jsonl data/train.spacy data/dev.spacy
      data/test.spacy
  deps:
    - path: assets/batch1all120.jsonl
<<<<<<< Updated upstream
      md5: 30ab60337539032dc3f43246709ce005
=======
<<<<<<< Updated upstream:10 test_area/jonathan/explosion github/tutorials/rel_component_2/project.lock
      md5: e2624f5b980ecf144d62740f383b232d
=======
      md5: 30ab60337539032dc3f43246709ce005
>>>>>>> Stashed changes:10 test_area/Leo/rel_component_1/project.lock
>>>>>>> Stashed changes
  outs:
    - path: data/train.spacy
      md5: b35686b6883c1dbefc2959ac6baba219
    - path: data/dev.spacy
      md5: 1ecf951a4da463fe0ebee76f45fb8dbf
    - path: data/test.spacy
      md5: 874cd5f281129e61f1c2dff7b933d79d
  spacy_version: 3.0.0rc2
  spacy_git_version: ace6ae435
train_cpu:
  cmd: python -m spacy run train_cpu
  script:
    - python -m spacy train configs/rel_tok2vec.cfg --output training --paths.train
      data/train.spacy --paths.dev data/dev.spacy -c ./scripts/custom_functions.py
  deps:
    - path: data/train.spacy
      md5: b35686b6883c1dbefc2959ac6baba219
    - path: data/dev.spacy
      md5: 1ecf951a4da463fe0ebee76f45fb8dbf
  outs:
    - path: training/model-best
<<<<<<< Updated upstream
      md5: 3da7fe43702100fc950742712231ea90
=======
<<<<<<< Updated upstream:10 test_area/jonathan/explosion github/tutorials/rel_component_2/project.lock
      md5: ae033cd20a11fcd22b6f6348e9c2a8ec
=======
      md5: 3da7fe43702100fc950742712231ea90
>>>>>>> Stashed changes:10 test_area/Leo/rel_component_1/project.lock
>>>>>>> Stashed changes
  spacy_version: 3.0.0rc2
  spacy_git_version: ace6ae435
evaluate:
  cmd: python -m spacy run evaluate
  script:
    - python ./scripts/evaluate.py training/model-best data/test.spacy False
  deps:
    - path: training/model-best
<<<<<<< Updated upstream
=======
<<<<<<< Updated upstream:10 test_area/jonathan/explosion github/tutorials/rel_component_2/project.lock
      md5: ae033cd20a11fcd22b6f6348e9c2a8ec
    - path: data/test.spacy
      md5: 874cd5f281129e61f1c2dff7b933d79d
=======
>>>>>>> Stashed changes
      md5: 3da7fe43702100fc950742712231ea90
    - path: data/test.spacy
      md5: 874cd5f281129e61f1c2dff7b933d79d
  outs: []
  spacy_version: 3.0.0rc2
  spacy_git_version: ace6ae435
custom:
  cmd: python -m spacy run custom
  script:
    - python ./scripts/pipeline.py training/model-best data/test.spacy
  deps:
    - path: training/model-best
      md5: 3da7fe43702100fc950742712231ea90
    - path: data/test.spacy
      md5: 874cd5f281129e61f1c2dff7b933d79d
<<<<<<< Updated upstream
=======
>>>>>>> Stashed changes:10 test_area/Leo/rel_component_1/project.lock
>>>>>>> Stashed changes
  outs: []
  spacy_version: 3.0.0rc2
  spacy_git_version: ace6ae435
