data:
  cmd: python -m spacy run data
  script:
    - python ./scripts/parse_data.py assets/batch1all120.jsonl data/train.spacy data/dev.spacy
      data/test.spacy
  deps:
    - path: assets/batch1all120.jsonl
      md5: 30ab60337539032dc3f43246709ce005
  outs:
    - path: data/train.spacy
      md5: aa98805fe0b6ba0428a9616dada5cfdd
    - path: data/dev.spacy
      md5: 6130ed3261b1ef213201ce962fd03810
    - path: data/test.spacy
      md5: 6130ed3261b1ef213201ce962fd03810
  spacy_version: 3.0.0rc2
  spacy_git_version: ace6ae435
train_cpu:
  cmd: python -m spacy run train_cpu
  script:
    - python -m spacy train configs/rel_tok2vec.cfg --output training --paths.train
      data/train.spacy --paths.dev data/dev.spacy -c ./scripts/custom_functions.py
  deps:
    - path: data/train.spacy
      md5: f70b346ce20dd874e3ce6244b70823e1
    - path: data/dev.spacy
      md5: 816d942014f94adf1a78802a9a170df8
  outs:
    - path: training/model-best
      md5: dc07891e6b41b305b6d6238b91c93f6d
  spacy_version: 3.0.0rc2
  spacy_git_version: ace6ae435
