data:
  cmd: python -m spacy run data
  script:
    - python ./scripts/parse_data.py assets/batch1all120.jsonl data/train.spacy data/dev.spacy
      data/test.spacy
  deps:
    - path: assets/batch1all120.jsonl
      md5: 30ab60337539032dc3f43246709ce005
  outs:
    - path: data/train.spacy
      md5: a7844a9b3475477568973b3c8307d372
    - path: data/dev.spacy
      md5: cc5c674409d738e3660e7b8de2964b76
    - path: data/test.spacy
      md5: c878a5da3b1059ca91addf18622241eb
  spacy_version: 3.0.0rc2
  spacy_git_version: ace6ae435
train_cpu:
  cmd: python -m spacy run train_cpu
  script:
    - python -m spacy train configs/rel_tok2vec.cfg --output training --paths.train
      data/train.spacy --paths.dev data/dev.spacy -c ./scripts/custom_functions.py
  deps:
    - path: data/train.spacy
      md5: a7844a9b3475477568973b3c8307d372
    - path: data/dev.spacy
      md5: cc5c674409d738e3660e7b8de2964b76
  outs:
    - path: training/model-best
      md5: ba56d59647e088c1675ac5a49a50fba9
  spacy_version: 3.0.0rc2
  spacy_git_version: ace6ae435
evaluate:
  cmd: python -m spacy run evaluate
  script:
    - python ./scripts/evaluate.py training/model-best data/test.spacy False
  deps:
    - path: training/model-best
      md5: ba56d59647e088c1675ac5a49a50fba9
    - path: data/test.spacy
      md5: c878a5da3b1059ca91addf18622241eb
  outs: []
  spacy_version: 3.0.0rc2
  spacy_git_version: ace6ae435
