data:
  cmd: python -m spacy run data
  script:
    - python ./scripts/parse_data.py assets/batch1all120.jsonl data/train.spacy data/dev.spacy
      data/test.spacy
  deps:
    - path: assets/batch1all120.jsonl
      md5: 30ab60337539032dc3f43246709ce005
  outs:
    - path: data/train.spacy
      md5: a40a6ee71b778c91d5c814f5f63c24a2
    - path: data/dev.spacy
      md5: 63634618612a692e8be049a80edce76b
    - path: data/test.spacy
      md5: 5118dbcd56e0bef02224781d119e007e
  spacy_version: 3.0.0rc2
  spacy_git_version: ace6ae435
train_cpu:
  cmd: python -m spacy run train_cpu
  script:
    - python -m spacy train configs/rel_tok2vec.cfg --output training --paths.train
      data/train.spacy --paths.dev data/dev.spacy -c ./scripts/custom_functions.py
  deps:
    - path: data/train.spacy
      md5: 1474f3bb9044ec09099b40532f08e51a
    - path: data/dev.spacy
      md5: 537533a829fa897ea8d15193062970d2
  outs:
    - path: training/model-best
      md5: 7b16835a0d7d5501d1022310ffcd07b4
  spacy_version: 3.0.0rc2
  spacy_git_version: ace6ae435
evaluate:
  cmd: python -m spacy run evaluate
  script:
    - python ./scripts/evaluate.py training/model-best data/test.spacy False
  deps:
    - path: training/model-best
      md5: 7b16835a0d7d5501d1022310ffcd07b4
    - path: data/test.spacy
      md5: e14b9c94dd45cf26a299d8ab3083e0a4
  outs: []
  spacy_version: 3.0.0rc2
  spacy_git_version: ace6ae435
