data:
  cmd: python -m spacy run data
  script:
    - python ./scripts/parse_data.py assets/batch1all120.jsonl data/train.spacy data/dev.spacy
      data/test.spacy
  deps:
    - path: assets/batch1all120.jsonl
      md5: 30ab60337539032dc3f43246709ce005
  outs:
    - path: data/train.spacy
      md5: d96e8aa694ed0a9e88698ed5edb50d87
    - path: data/dev.spacy
      md5: a0aa19ee33edb188b450415a2e5cd2ce
    - path: data/test.spacy
      md5: 51e3e543b06d9ac9fe38df79d5bd9b4a
  spacy_version: 3.0.0rc2
  spacy_git_version: ace6ae435
train_cpu:
  cmd: python -m spacy run train_cpu
  script:
    - python -m spacy train configs/rel_tok2vec.cfg --output training --paths.train
      data/train.spacy --paths.dev data/dev.spacy -c ./scripts/custom_functions.py
  deps:
    - path: data/train.spacy
      md5: f70b346ce20dd874e3ce6244b70823e1
    - path: data/dev.spacy
      md5: 816d942014f94adf1a78802a9a170df8
  outs:
    - path: training/model-best
      md5: 565156a1e15dc54d0589b0bb9800cf0e
  spacy_version: 3.0.0rc2
  spacy_git_version: ace6ae435
clean:
  cmd: python -m spacy run clean
  script:
    - rm -rf data/*
    - rm -rf training/*
  deps: []
  outs: []
  spacy_version: 3.0.0rc2
  spacy_git_version: ace6ae435
