data:
  cmd: python -m spacy run data
  script:
    - python ./scripts/parse_data.py assets/annotations.jsonl data/train.spacy data/dev.spacy
      data/test.spacy
  deps:
    - path: assets/annotations.jsonl
      md5: 30ab60337539032dc3f43246709ce005
  outs:
    - path: data/train.spacy
      md5: b35686b6883c1dbefc2959ac6baba219
    - path: data/dev.spacy
      md5: 1ecf951a4da463fe0ebee76f45fb8dbf
    - path: data/test.spacy
      md5: 874cd5f281129e61f1c2dff7b933d79d
  spacy_version: 3.0.0rc2
  spacy_git_version: ace6ae435
