data:
  cmd: python -m spacy run data
  script:
    - python ./scripts/parse_data.py assets/annotations.jsonl data/train.spacy data/dev.spacy
      data/test.spacy
  deps:
    - path: assets/annotations.jsonl
      md5: 82bb4d1828057a91dd86085f70fb4991
  outs:
    - path: data/train.spacy
      md5: fc996fb52e1a049d681c4fdda861ab58
    - path: data/dev.spacy
      md5: 6130ed3261b1ef213201ce962fd03810
    - path: data/test.spacy
      md5: 6130ed3261b1ef213201ce962fd03810
  spacy_version: 3.0.0rc2
  spacy_git_version: ace6ae435
