data:
  cmd: python -m spacy run data
  script:
    - python ./scripts/parse_data_arg0a1_v0.04.py /Users/jhoff/Desktop/batch1+2_all_fi.jsonl
      data/train.spacy data/dev.spacy data/test.spacy
  deps:
    - path: /Users/jhoff/Desktop/batch1+2_all_fi.jsonl
      md5: 23dd35aeba595fda6b7a759e08d54c43
  outs:
    - path: data/train.spacy
      md5: 8a6e7d17884f2b6c15ec5f18bb27b47e
    - path: data/dev.spacy
      md5: e2573a8bedf18984f956d3e57959a138
    - path: data/test.spacy
      md5: c7c28c0e26a924a3e479088c8fffdf03
  spacy_version: 3.0.0rc2
  spacy_git_version: ace6ae435
train_cpu:
  cmd: python -m spacy run train_cpu
  script:
    - python -m spacy train configs/rel_tok2vec.cfg --output training --paths.train
      data/train.spacy --paths.dev data/dev.spacy -c ./scripts/custom_functions.py
  deps:
    - path: data/train.spacy
      md5: 8a6e7d17884f2b6c15ec5f18bb27b47e
    - path: data/dev.spacy
      md5: e2573a8bedf18984f956d3e57959a138
  outs:
    - path: training/model-best
      md5: b7dc6d370ed908e08ddd31d807442da9
  spacy_version: 3.0.0rc2
  spacy_git_version: ace6ae435
evaluate:
  cmd: python -m spacy run evaluate
  script:
    - python ./scripts/evaluate.py training/model-best data/test.spacy False
  deps:
    - path: training/model-best
      md5: 49e6ecf2d38eefc66fd05e4131273d77
    - path: data/test.spacy
      md5: 2e4c8285d64fb5c6f002dec13c728fc1
  outs: []
  spacy_version: 3.0.0rc2
  spacy_git_version: ace6ae435
format:
  cmd: python -m spacy run format
  script:
    - python ./scripts/lc_prodigy_format.py /Users/jhoff/Desktop/model-best-ner training/model-best
      assets/input1.json
  deps:
    - path: /Users/jhoff/Desktop/model-best-ner
      md5: 6953ee4b22870ba50bbaa04a27419db9
    - path: training/model-best
      md5: 94fbc76354261a9ce1a0b1db1b9dd537
    - path: assets/input1.json
      md5: ed3dbb2cd5c4ea95a941ccc66f258d4a
  outs: []
  spacy_version: 3.0.0rc2
  spacy_git_version: ace6ae435
