data:
  cmd: python -m spacy run data
  script:
    - python ./scripts/parse_data_jona.py assets/batch1all120.jsonl data/train.spacy
      data/dev.spacy data/test.spacy
  deps:
    - path: assets/batch1all120.jsonl
      md5: e2624f5b980ecf144d62740f383b232d
  outs:
    - path: data/train.spacy
      md5: 18f7de0d10acb4c63fc4f68bec70fd51
    - path: data/dev.spacy
      md5: 43234c9fbe2e50c247850132fd34b402
    - path: data/test.spacy
      md5: d65110b5d32b64321809e3e17fc043df
  spacy_version: 3.0.0rc2
  spacy_git_version: ace6ae435
train_cpu:
  cmd: python -m spacy run train_cpu
  script:
    - python -m spacy train configs/rel_tok2vec.cfg --output training --paths.train
      data/train.spacy --paths.dev data/dev.spacy -c ./scripts/custom_functions.py
  deps:
    - path: data/train.spacy
      md5: 18f7de0d10acb4c63fc4f68bec70fd51
    - path: data/dev.spacy
      md5: 43234c9fbe2e50c247850132fd34b402
  outs:
    - path: training/model-best
      md5: bfc5f017e716991ee5420c8d565f3587
  spacy_version: 3.0.0rc2
  spacy_git_version: ace6ae435
evaluate:
  cmd: python -m spacy run evaluate
  script:
    - python ./scripts/evaluate.py training/model-best data/test.spacy False
  deps:
    - path: training/model-best
      md5: bfc5f017e716991ee5420c8d565f3587
    - path: data/test.spacy
      md5: d65110b5d32b64321809e3e17fc043df
  outs: []
  spacy_version: 3.0.0rc2
  spacy_git_version: ace6ae435
