data:
  cmd: python -m spacy run data
  script:
    - python ./scripts/parse_data.py /Users/jhoff/Desktop/batch1_all_f.jsonl data/train.spacy
      data/dev.spacy data/test.spacy
  deps:
    - path: /Users/jhoff/Desktop/batch1_all_f.jsonl
      md5: 6e233e341753e8654981d249cd074e36
  outs:
    - path: data/train.spacy
      md5: f61b731ab8ed2de48eeec541c097fcab
    - path: data/dev.spacy
      md5: 590521afba0547d951165162c084825f
    - path: data/test.spacy
      md5: a796224ebd70b552ca4c336dc3804655
  spacy_version: 3.0.0rc2
  spacy_git_version: ace6ae435
train_cpu:
  cmd: python -m spacy run train_cpu
  script:
    - python -m spacy train configs/rel_tok2vec.cfg --output training --paths.train
      data/train.spacy --paths.dev data/dev.spacy -c ./scripts/custom_functions.py
  deps:
    - path: data/train.spacy
      md5: f61b731ab8ed2de48eeec541c097fcab
    - path: data/dev.spacy
      md5: 590521afba0547d951165162c084825f
  outs:
    - path: training/model-best
      md5: 2fae1ddc2af2b719520dd176ef355da7
  spacy_version: 3.0.0rc2
  spacy_git_version: ace6ae435
evaluate:
  cmd: python -m spacy run evaluate
  script:
    - python ./scripts/evaluate.py training/model-best data/test.spacy False
  deps:
    - path: training/model-best
      md5: 2fae1ddc2af2b719520dd176ef355da7
    - path: data/test.spacy
      md5: a796224ebd70b552ca4c336dc3804655
  outs: []
  spacy_version: 3.0.0rc2
  spacy_git_version: ace6ae435
format:
  cmd: python -m spacy run format
  script:
    - python ./scripts/lc_prodigy_format.py ner_model/model-best-ner training/model-best
      assets/input1.json
  deps:
    - path: ner_model/model-best-ner
      md5: 6953ee4b22870ba50bbaa04a27419db9
    - path: training/model-best
      md5: 94fbc76354261a9ce1a0b1db1b9dd537
    - path: assets/input1.json
      md5: c06b4ac81a13d9e727cef61441f57d35
  outs: []
  spacy_version: 3.0.0rc2
  spacy_git_version: ace6ae435
