data:
  cmd: python -m spacy run data
  script:
    - python ./scripts/parse_data.py assets/batch1all120.jsonl data/train.spacy data/dev.spacy
      data/test.spacy
  deps:
    - path: assets/batch1all120.jsonl
      md5: e2624f5b980ecf144d62740f383b232d
  outs:
    - path: data/train.spacy
      md5: f70b346ce20dd874e3ce6244b70823e1
    - path: data/dev.spacy
      md5: 816d942014f94adf1a78802a9a170df8
    - path: data/test.spacy
      md5: 20b9418e40d9139913f37902cef29a42
  spacy_version: 3.0.0rc2
  spacy_git_version: ace6ae435
train_cpu:
  cmd: python -m spacy run train_cpu
  script:
    - python -m spacy train configs/rel_tok2vec.cfg --output training --paths.train
      data/train.spacy --paths.dev data/dev.spacy -c ./scripts/custom_functions.py
  deps:
    - path: data/train.spacy
      md5: f70b346ce20dd874e3ce6244b70823e1
    - path: data/dev.spacy
      md5: 816d942014f94adf1a78802a9a170df8
  outs:
    - path: training/model-best
      md5: 89a0c8ee7b49d823cb68dc7c5c8aa8df
  spacy_version: 3.0.0rc2
  spacy_git_version: ace6ae435
evaluate:
  cmd: python -m spacy run evaluate
  script:
    - python ./scripts/evaluate.py training/model-best data/test.spacy False
  deps:
    - path: training/model-best
      md5: 1cc87a57461cfbba66e3e308c2ff8112
    - path: data/test.spacy
      md5: 874cd5f281129e61f1c2dff7b933d79d
  outs: []
  spacy_version: 3.0.0rc2
  spacy_git_version: ace6ae435
custom:
  cmd: python -m spacy run custom
  script:
    - python ./scripts/pipeline.py training/model-ner training/model-best assets/input.json
  deps:
    - path: training/model-ner
      md5: 3740f005edd5c6b74ef42bd770d8368b
    - path: training/model-best
      md5: 1cc87a57461cfbba66e3e308c2ff8112
    - path: assets/input.json
      md5: c06b4ac81a13d9e727cef61441f57d35
  outs: []
  spacy_version: 3.0.0rc2
  spacy_git_version: ace6ae435
